
Microsoft Visual Studio Solution File, Format Version 12.00
# Visual Studio Version 16
VisualStudioVersion = 16.0.810.21
MinimumVisualStudioVersion = 10.0.40219.1
Project("{FAE04EC0-301F-11D3-BF4B-00C04F79EFBC}") = "UsdToBgn", "UsdToBgn\UsdToBgn.csproj", "{1782588E-8B66-443A-9AEB-2F3A0161D42E}"
EndProject
Global
	GlobalSection(SolutionConfigurationPlatforms) = preSolution
		Debug|Any CPU = Debug|Any CPU
		Release|Any CPU = Release|Any CPU
	EndGlobalSection
	GlobalSection(ProjectConfigurationPlatforms) = postSolution
		{1782588E-8B66-443A-9AEB-2F3A0161D42E}.Debug|Any CPU.ActiveCfg = Debug|Any CPU
		{1782588E-8B66-443A-9AEB-2F3A0161D42E}.Debug|Any CPU.Build.0 = Debug|Any CPU
		{1782588E-8B66-443A-9AEB-2F3A0161D42E}.Release|Any CPU.ActiveCfg = Release|Any CPU
		{1782588E-8B66-443A-9AEB-2F3A0161D42E}.Release|Any CPU.Build.0 = Release|Any CPU
	EndGlobalSection
	GlobalSection(SolutionProperties) = preSolution
		HideSolutionNode = FALSE
	EndGlobalSection
	GlobalSection(ExtensibilityGlobals) = postSolution
		SolutionGuid = {3C153959-DB23-4A97-9D4A-F4D762F176D1}
	EndGlobalSection
EndGlobal
