
Microsoft Visual Studio Solution File, Format Version 12.00
# Visual Studio Version 16
VisualStudioVersion = 16.0.810.21
MinimumVisualStudioVersion = 10.0.40219.1
Project("{FAE04EC0-301F-11D3-BF4B-00C04F79EFBC}") = "BasketballEquipment", "BasketballEquipment\BasketballEquipment.csproj", "{458EBEAB-937E-4403-9F32-FB079755A21D}"
EndProject
Global
	GlobalSection(SolutionConfigurationPlatforms) = preSolution
		Debug|Any CPU = Debug|Any CPU
		Release|Any CPU = Release|Any CPU
	EndGlobalSection
	GlobalSection(ProjectConfigurationPlatforms) = postSolution
		{458EBEAB-937E-4403-9F32-FB079755A21D}.Debug|Any CPU.ActiveCfg = Debug|Any CPU
		{458EBEAB-937E-4403-9F32-FB079755A21D}.Debug|Any CPU.Build.0 = Debug|Any CPU
		{458EBEAB-937E-4403-9F32-FB079755A21D}.Release|Any CPU.ActiveCfg = Release|Any CPU
		{458EBEAB-937E-4403-9F32-FB079755A21D}.Release|Any CPU.Build.0 = Release|Any CPU
	EndGlobalSection
	GlobalSection(SolutionProperties) = preSolution
		HideSolutionNode = FALSE
	EndGlobalSection
	GlobalSection(ExtensibilityGlobals) = postSolution
		SolutionGuid = {C62C900B-7C33-42F7-A44E-CF88FC53D88E}
	EndGlobalSection
EndGlobal
