
Microsoft Visual Studio Solution File, Format Version 12.00
# Visual Studio Version 16
VisualStudioVersion = 16.0.810.21
MinimumVisualStudioVersion = 10.0.40219.1
Project("{FAE04EC0-301F-11D3-BF4B-00C04F79EFBC}") = "YardGreening", "YardGreening\YardGreening.csproj", "{8EAA202F-71C2-482B-B93E-A4BF483B0F2D}"
EndProject
Global
	GlobalSection(SolutionConfigurationPlatforms) = preSolution
		Debug|Any CPU = Debug|Any CPU
		Release|Any CPU = Release|Any CPU
	EndGlobalSection
	GlobalSection(ProjectConfigurationPlatforms) = postSolution
		{8EAA202F-71C2-482B-B93E-A4BF483B0F2D}.Debug|Any CPU.ActiveCfg = Debug|Any CPU
		{8EAA202F-71C2-482B-B93E-A4BF483B0F2D}.Debug|Any CPU.Build.0 = Debug|Any CPU
		{8EAA202F-71C2-482B-B93E-A4BF483B0F2D}.Release|Any CPU.ActiveCfg = Release|Any CPU
		{8EAA202F-71C2-482B-B93E-A4BF483B0F2D}.Release|Any CPU.Build.0 = Release|Any CPU
	EndGlobalSection
	GlobalSection(SolutionProperties) = preSolution
		HideSolutionNode = FALSE
	EndGlobalSection
	GlobalSection(ExtensibilityGlobals) = postSolution
		SolutionGuid = {4FE2EBB7-FCB0-4BB4-890E-F0FFA0F7ED0B}
	EndGlobalSection
EndGlobal
