
Microsoft Visual Studio Solution File, Format Version 12.00
# Visual Studio Version 16
VisualStudioVersion = 16.0.810.21
MinimumVisualStudioVersion = 10.0.40219.1
Project("{FAE04EC0-301F-11D3-BF4B-00C04F79EFBC}") = "SmallShop", "SmallShop\SmallShop.csproj", "{5D3C163A-8D57-420F-9A4C-FD1C9ECB26A9}"
EndProject
Global
	GlobalSection(SolutionConfigurationPlatforms) = preSolution
		Debug|Any CPU = Debug|Any CPU
		Release|Any CPU = Release|Any CPU
	EndGlobalSection
	GlobalSection(ProjectConfigurationPlatforms) = postSolution
		{5D3C163A-8D57-420F-9A4C-FD1C9ECB26A9}.Debug|Any CPU.ActiveCfg = Debug|Any CPU
		{5D3C163A-8D57-420F-9A4C-FD1C9ECB26A9}.Debug|Any CPU.Build.0 = Debug|Any CPU
		{5D3C163A-8D57-420F-9A4C-FD1C9ECB26A9}.Release|Any CPU.ActiveCfg = Release|Any CPU
		{5D3C163A-8D57-420F-9A4C-FD1C9ECB26A9}.Release|Any CPU.Build.0 = Release|Any CPU
	EndGlobalSection
	GlobalSection(SolutionProperties) = preSolution
		HideSolutionNode = FALSE
	EndGlobalSection
	GlobalSection(ExtensibilityGlobals) = postSolution
		SolutionGuid = {D9B941D2-2445-4218-92F2-6A55F56AF742}
	EndGlobalSection
EndGlobal
