
Microsoft Visual Studio Solution File, Format Version 12.00
# Visual Studio Version 16
VisualStudioVersion = 16.0.810.21
MinimumVisualStudioVersion = 10.0.40219.1
Project("{FAE04EC0-301F-11D3-BF4B-00C04F79EFBC}") = "CinemaTicket", "CinemaTicket\CinemaTicket.csproj", "{D7DED39E-3471-4392-AB44-3221EC7C761C}"
EndProject
Global
	GlobalSection(SolutionConfigurationPlatforms) = preSolution
		Debug|Any CPU = Debug|Any CPU
		Release|Any CPU = Release|Any CPU
	EndGlobalSection
	GlobalSection(ProjectConfigurationPlatforms) = postSolution
		{D7DED39E-3471-4392-AB44-3221EC7C761C}.Debug|Any CPU.ActiveCfg = Debug|Any CPU
		{D7DED39E-3471-4392-AB44-3221EC7C761C}.Debug|Any CPU.Build.0 = Debug|Any CPU
		{D7DED39E-3471-4392-AB44-3221EC7C761C}.Release|Any CPU.ActiveCfg = Release|Any CPU
		{D7DED39E-3471-4392-AB44-3221EC7C761C}.Release|Any CPU.Build.0 = Release|Any CPU
	EndGlobalSection
	GlobalSection(SolutionProperties) = preSolution
		HideSolutionNode = FALSE
	EndGlobalSection
	GlobalSection(ExtensibilityGlobals) = postSolution
		SolutionGuid = {CCEFB097-F581-4FB8-8274-0A588A986621}
	EndGlobalSection
EndGlobal
