
Microsoft Visual Studio Solution File, Format Version 12.00
# Visual Studio Version 16
VisualStudioVersion = 16.0.810.21
MinimumVisualStudioVersion = 10.0.40219.1
Project("{FAE04EC0-301F-11D3-BF4B-00C04F79EFBC}") = "FishTank", "FishTank\FishTank.csproj", "{95E02F70-4389-48CA-B35F-30643D96EC71}"
EndProject
Global
	GlobalSection(SolutionConfigurationPlatforms) = preSolution
		Debug|Any CPU = Debug|Any CPU
		Release|Any CPU = Release|Any CPU
	EndGlobalSection
	GlobalSection(ProjectConfigurationPlatforms) = postSolution
		{95E02F70-4389-48CA-B35F-30643D96EC71}.Debug|Any CPU.ActiveCfg = Debug|Any CPU
		{95E02F70-4389-48CA-B35F-30643D96EC71}.Debug|Any CPU.Build.0 = Debug|Any CPU
		{95E02F70-4389-48CA-B35F-30643D96EC71}.Release|Any CPU.ActiveCfg = Release|Any CPU
		{95E02F70-4389-48CA-B35F-30643D96EC71}.Release|Any CPU.Build.0 = Release|Any CPU
	EndGlobalSection
	GlobalSection(SolutionProperties) = preSolution
		HideSolutionNode = FALSE
	EndGlobalSection
	GlobalSection(ExtensibilityGlobals) = postSolution
		SolutionGuid = {0440C9E9-8E64-4CE1-A605-9EE6C1B4C744}
	EndGlobalSection
EndGlobal
