
Microsoft Visual Studio Solution File, Format Version 12.00
# Visual Studio Version 16
VisualStudioVersion = 16.0.810.21
MinimumVisualStudioVersion = 10.0.40219.1
Project("{FAE04EC0-301F-11D3-BF4B-00C04F79EFBC}") = "WorkingHours", "WorkingHours\WorkingHours.csproj", "{6C03335D-BB56-4088-A48D-B5F9DA63AAAE}"
EndProject
Global
	GlobalSection(SolutionConfigurationPlatforms) = preSolution
		Debug|Any CPU = Debug|Any CPU
		Release|Any CPU = Release|Any CPU
	EndGlobalSection
	GlobalSection(ProjectConfigurationPlatforms) = postSolution
		{6C03335D-BB56-4088-A48D-B5F9DA63AAAE}.Debug|Any CPU.ActiveCfg = Debug|Any CPU
		{6C03335D-BB56-4088-A48D-B5F9DA63AAAE}.Debug|Any CPU.Build.0 = Debug|Any CPU
		{6C03335D-BB56-4088-A48D-B5F9DA63AAAE}.Release|Any CPU.ActiveCfg = Release|Any CPU
		{6C03335D-BB56-4088-A48D-B5F9DA63AAAE}.Release|Any CPU.Build.0 = Release|Any CPU
	EndGlobalSection
	GlobalSection(SolutionProperties) = preSolution
		HideSolutionNode = FALSE
	EndGlobalSection
	GlobalSection(ExtensibilityGlobals) = postSolution
		SolutionGuid = {5113E698-900D-4608-9875-DA1D42CCCB25}
	EndGlobalSection
EndGlobal
