
Microsoft Visual Studio Solution File, Format Version 12.00
# Visual Studio Version 16
VisualStudioVersion = 16.0.810.21
MinimumVisualStudioVersion = 10.0.40219.1
Project("{FAE04EC0-301F-11D3-BF4B-00C04F79EFBC}") = "Coins", "Coins\Coins.csproj", "{1BA22A3D-B1F4-43BB-9375-97A5E08C3148}"
EndProject
Global
	GlobalSection(SolutionConfigurationPlatforms) = preSolution
		Debug|Any CPU = Debug|Any CPU
		Release|Any CPU = Release|Any CPU
	EndGlobalSection
	GlobalSection(ProjectConfigurationPlatforms) = postSolution
		{1BA22A3D-B1F4-43BB-9375-97A5E08C3148}.Debug|Any CPU.ActiveCfg = Debug|Any CPU
		{1BA22A3D-B1F4-43BB-9375-97A5E08C3148}.Debug|Any CPU.Build.0 = Debug|Any CPU
		{1BA22A3D-B1F4-43BB-9375-97A5E08C3148}.Release|Any CPU.ActiveCfg = Release|Any CPU
		{1BA22A3D-B1F4-43BB-9375-97A5E08C3148}.Release|Any CPU.Build.0 = Release|Any CPU
	EndGlobalSection
	GlobalSection(SolutionProperties) = preSolution
		HideSolutionNode = FALSE
	EndGlobalSection
	GlobalSection(ExtensibilityGlobals) = postSolution
		SolutionGuid = {25441C5C-46C2-4D21-ACC9-B3B80167EB4E}
	EndGlobalSection
EndGlobal
