
Microsoft Visual Studio Solution File, Format Version 12.00
# Visual Studio Version 16
VisualStudioVersion = 16.0.810.21
MinimumVisualStudioVersion = 10.0.40219.1
Project("{FAE04EC0-301F-11D3-BF4B-00C04F79EFBC}") = "Clock", "Clock\Clock.csproj", "{F4B3BD0E-6518-4725-9B62-B049E011957E}"
EndProject
Global
	GlobalSection(SolutionConfigurationPlatforms) = preSolution
		Debug|Any CPU = Debug|Any CPU
		Release|Any CPU = Release|Any CPU
	EndGlobalSection
	GlobalSection(ProjectConfigurationPlatforms) = postSolution
		{F4B3BD0E-6518-4725-9B62-B049E011957E}.Debug|Any CPU.ActiveCfg = Debug|Any CPU
		{F4B3BD0E-6518-4725-9B62-B049E011957E}.Debug|Any CPU.Build.0 = Debug|Any CPU
		{F4B3BD0E-6518-4725-9B62-B049E011957E}.Release|Any CPU.ActiveCfg = Release|Any CPU
		{F4B3BD0E-6518-4725-9B62-B049E011957E}.Release|Any CPU.Build.0 = Release|Any CPU
	EndGlobalSection
	GlobalSection(SolutionProperties) = preSolution
		HideSolutionNode = FALSE
	EndGlobalSection
	GlobalSection(ExtensibilityGlobals) = postSolution
		SolutionGuid = {5F3B58E2-4E78-4416-8BEF-26C93306C487}
	EndGlobalSection
EndGlobal
