
Microsoft Visual Studio Solution File, Format Version 12.00
# Visual Studio Version 16
VisualStudioVersion = 16.0.810.21
MinimumVisualStudioVersion = 10.0.40219.1
Project("{FAE04EC0-301F-11D3-BF4B-00C04F79EFBC}") = "TimeAdd15Min", "TimeAdd15Min\TimeAdd15Min.csproj", "{D56288BD-AC70-414D-8D10-87BF005316EF}"
EndProject
Global
	GlobalSection(SolutionConfigurationPlatforms) = preSolution
		Debug|Any CPU = Debug|Any CPU
		Release|Any CPU = Release|Any CPU
	EndGlobalSection
	GlobalSection(ProjectConfigurationPlatforms) = postSolution
		{D56288BD-AC70-414D-8D10-87BF005316EF}.Debug|Any CPU.ActiveCfg = Debug|Any CPU
		{D56288BD-AC70-414D-8D10-87BF005316EF}.Debug|Any CPU.Build.0 = Debug|Any CPU
		{D56288BD-AC70-414D-8D10-87BF005316EF}.Release|Any CPU.ActiveCfg = Release|Any CPU
		{D56288BD-AC70-414D-8D10-87BF005316EF}.Release|Any CPU.Build.0 = Release|Any CPU
	EndGlobalSection
	GlobalSection(SolutionProperties) = preSolution
		HideSolutionNode = FALSE
	EndGlobalSection
	GlobalSection(ExtensibilityGlobals) = postSolution
		SolutionGuid = {0D47F08C-6AE7-4401-963E-55A31BE183CC}
	EndGlobalSection
EndGlobal
