
Microsoft Visual Studio Solution File, Format Version 12.00
# Visual Studio Version 16
VisualStudioVersion = 16.0.810.21
MinimumVisualStudioVersion = 10.0.40219.1
Project("{FAE04EC0-301F-11D3-BF4B-00C04F79EFBC}") = "Journey", "Journey\Journey.csproj", "{830F6849-D6B7-47A9-A71D-975D3104C469}"
EndProject
Global
	GlobalSection(SolutionConfigurationPlatforms) = preSolution
		Debug|Any CPU = Debug|Any CPU
		Release|Any CPU = Release|Any CPU
	EndGlobalSection
	GlobalSection(ProjectConfigurationPlatforms) = postSolution
		{830F6849-D6B7-47A9-A71D-975D3104C469}.Debug|Any CPU.ActiveCfg = Debug|Any CPU
		{830F6849-D6B7-47A9-A71D-975D3104C469}.Debug|Any CPU.Build.0 = Debug|Any CPU
		{830F6849-D6B7-47A9-A71D-975D3104C469}.Release|Any CPU.ActiveCfg = Release|Any CPU
		{830F6849-D6B7-47A9-A71D-975D3104C469}.Release|Any CPU.Build.0 = Release|Any CPU
	EndGlobalSection
	GlobalSection(SolutionProperties) = preSolution
		HideSolutionNode = FALSE
	EndGlobalSection
	GlobalSection(ExtensibilityGlobals) = postSolution
		SolutionGuid = {37324FFE-C56C-4F53-9AE2-72770FB49F11}
	EndGlobalSection
EndGlobal
