
Microsoft Visual Studio Solution File, Format Version 12.00
# Visual Studio Version 16
VisualStudioVersion = 16.0.810.21
MinimumVisualStudioVersion = 10.0.40219.1
Project("{FAE04EC0-301F-11D3-BF4B-00C04F79EFBC}") = "CleverLily", "CleverLily\CleverLily.csproj", "{C79DBC1A-0538-456C-A86E-2707747DAB6C}"
EndProject
Global
	GlobalSection(SolutionConfigurationPlatforms) = preSolution
		Debug|Any CPU = Debug|Any CPU
		Release|Any CPU = Release|Any CPU
	EndGlobalSection
	GlobalSection(ProjectConfigurationPlatforms) = postSolution
		{C79DBC1A-0538-456C-A86E-2707747DAB6C}.Debug|Any CPU.ActiveCfg = Debug|Any CPU
		{C79DBC1A-0538-456C-A86E-2707747DAB6C}.Debug|Any CPU.Build.0 = Debug|Any CPU
		{C79DBC1A-0538-456C-A86E-2707747DAB6C}.Release|Any CPU.ActiveCfg = Release|Any CPU
		{C79DBC1A-0538-456C-A86E-2707747DAB6C}.Release|Any CPU.Build.0 = Release|Any CPU
	EndGlobalSection
	GlobalSection(SolutionProperties) = preSolution
		HideSolutionNode = FALSE
	EndGlobalSection
	GlobalSection(ExtensibilityGlobals) = postSolution
		SolutionGuid = {A74880BC-8FC7-443A-A443-3FE3A66B2FFC}
	EndGlobalSection
EndGlobal
